
Microsoft Visual Studio Solution File, Format Version 12.00
# Visual Studio Version 16
VisualStudioVersion = 16.0.30621.155
MinimumVisualStudioVersion = 10.0.40219.1
Project("{2150E333-8FDC-42A3-9474-1A3956D46DE8}") = "Solution Items", "Solution Items", "{1419AB19-8B3A-443B-87DA-90CE2D659C9A}"
	ProjectSection(SolutionItems) = preProject
		.gitignore = .gitignore
		LICENSE = LICENSE
		README.md = README.md
	EndProjectSection
EndProject
Project("{F184B08F-C81C-45F6-A57F-5ABD9991F28F}") = "UnidenCommander", "UnidenCommander\UnidenCommander.vbproj", "{44643611-CAD8-46C4-AED6-4AB2E642D52B}"
EndProject
Project("{54435603-DBB4-11D2-8724-00A0C9A8B90C}") = "UnidenCommanderSetup", "UnidenCommanderSetup\UnidenCommanderSetup.vdproj", "{F3E31759-9F01-4CEA-A360-253D4D95EE4E}"
EndProject
Project("{F184B08F-C81C-45F6-A57F-5ABD9991F28F}") = "UnidenCommander.Scanner", "UnidenScanner\UnidenCommander.Scanner.vbproj", "{9891EB42-1674-46D2-AAF4-09C96F0361FC}"
EndProject
Project("{F184B08F-C81C-45F6-A57F-5ABD9991F28F}") = "UnidenCommander.Utils", "UnidenCommander.Utils\UnidenCommander.Utils.vbproj", "{C8EC43F1-E826-48E8-8EA1-9EE383E7D610}"
EndProject
Project("{2150E333-8FDC-42A3-9474-1A3956D46DE8}") = "Screenshots", "Screenshots", "{3102E3B4-7FFD-4614-A11A-BC28A644DA35}"
	ProjectSection(SolutionItems) = preProject
		UnidenCommander v.0.3 (main).png = UnidenCommander v.0.3 (main).png
	EndProjectSection
EndProject
Global
	GlobalSection(SolutionConfigurationPlatforms) = preSolution
		Debug|Any CPU = Debug|Any CPU
		Release|Any CPU = Release|Any CPU
	EndGlobalSection
	GlobalSection(ProjectConfigurationPlatforms) = postSolution
		{44643611-CAD8-46C4-AED6-4AB2E642D52B}.Debug|Any CPU.ActiveCfg = Debug|Any CPU
		{44643611-CAD8-46C4-AED6-4AB2E642D52B}.Debug|Any CPU.Build.0 = Debug|Any CPU
		{44643611-CAD8-46C4-AED6-4AB2E642D52B}.Release|Any CPU.ActiveCfg = Release|Any CPU
		{44643611-CAD8-46C4-AED6-4AB2E642D52B}.Release|Any CPU.Build.0 = Release|Any CPU
		{F3E31759-9F01-4CEA-A360-253D4D95EE4E}.Debug|Any CPU.ActiveCfg = Debug
		{F3E31759-9F01-4CEA-A360-253D4D95EE4E}.Release|Any CPU.ActiveCfg = Release
		{9891EB42-1674-46D2-AAF4-09C96F0361FC}.Debug|Any CPU.ActiveCfg = Debug|Any CPU
		{9891EB42-1674-46D2-AAF4-09C96F0361FC}.Debug|Any CPU.Build.0 = Debug|Any CPU
		{9891EB42-1674-46D2-AAF4-09C96F0361FC}.Release|Any CPU.ActiveCfg = Release|Any CPU
		{9891EB42-1674-46D2-AAF4-09C96F0361FC}.Release|Any CPU.Build.0 = Release|Any CPU
		{C8EC43F1-E826-48E8-8EA1-9EE383E7D610}.Debug|Any CPU.ActiveCfg = Debug|Any CPU
		{C8EC43F1-E826-48E8-8EA1-9EE383E7D610}.Debug|Any CPU.Build.0 = Debug|Any CPU
		{C8EC43F1-E826-48E8-8EA1-9EE383E7D610}.Release|Any CPU.ActiveCfg = Release|Any CPU
		{C8EC43F1-E826-48E8-8EA1-9EE383E7D610}.Release|Any CPU.Build.0 = Release|Any CPU
	EndGlobalSection
	GlobalSection(SolutionProperties) = preSolution
		HideSolutionNode = FALSE
	EndGlobalSection
	GlobalSection(NestedProjects) = preSolution
		{3102E3B4-7FFD-4614-A11A-BC28A644DA35} = {1419AB19-8B3A-443B-87DA-90CE2D659C9A}
	EndGlobalSection
	GlobalSection(ExtensibilityGlobals) = postSolution
		SolutionGuid = {1CFB7C80-E7D8-4404-B831-D7ADEBCB7707}
	EndGlobalSection
EndGlobal
